// !$*UTF8*$!
{
	archiveVersion = 1;
	classes = {
	};
	objectVersion = 56;
	objects = {

/* Begin PBXBuildFile section */
		47FB549029653EF800B3029C /* AppDelegate.swift in Sources */ = {isa = PBXBuildFile; fileRef = 47FB548F29653EF800B3029C /* AppDelegate.swift */; };
		47FB549229653EF800B3029C /* SceneDelegate.swift in Sources */ = {isa = PBXBuildFile; fileRef = 47FB549129653EF800B3029C /* SceneDelegate.swift */; };
		47FB549429653EF800B3029C /* MainTabBarViewController.swift in Sources */ = {isa = PBXBuildFile; fileRef = 47FB549329653EF800B3029C /* MainTabBarViewController.swift */; };
		47FB549929653EFA00B3029C /* Assets.xcassets in Resources */ = {isa = PBXBuildFile; fileRef = 47FB549829653EFA00B3029C /* Assets.xcassets */; };
		47FB549C29653EFA00B3029C /* LaunchScreen.storyboard in Resources */ = {isa = PBXBuildFile; fileRef = 47FB549A29653EFA00B3029C /* LaunchScreen.storyboard */; };
		47FB54A52965417500B3029C /* HomeViewController.swift in Sources */ = {isa = PBXBuildFile; fileRef = 47FB54A42965417500B3029C /* HomeViewController.swift */; };
		47FB54A7296541A000B3029C /* UpComingViewController.swift in Sources */ = {isa = PBXBuildFile; fileRef = 47FB54A6296541A000B3029C /* UpComingViewController.swift */; };
		47FB54A9296541DB00B3029C /* SearchViewController.swift in Sources */ = {isa = PBXBuildFile; fileRef = 47FB54A8296541DB00B3029C /* SearchViewController.swift */; };
		47FB54AB2965420900B3029C /* DownloadsViewController.swift in Sources */ = {isa = PBXBuildFile; fileRef = 47FB54AA2965420900B3029C /* DownloadsViewController.swift */; };
		47FB54B22965486500B3029C /* CollectionViewTableViewCell.swift in Sources */ = {isa = PBXBuildFile; fileRef = 47FB54B12965486500B3029C /* CollectionViewTableViewCell.swift */; };
		47FB54B42965816700B3029C /* HeroHeaderUIView.swift in Sources */ = {isa = PBXBuildFile; fileRef = 47FB54B32965816700B3029C /* HeroHeaderUIView.swift */; };
		47FB54B62966959E00B3029C /* APICaller.swift in Sources */ = {isa = PBXBuildFile; fileRef = 47FB54B52966959E00B3029C /* APICaller.swift */; };
		47FB54B829669D5B00B3029C /* Title.swift in Sources */ = {isa = PBXBuildFile; fileRef = 47FB54B729669D5B00B3029C /* Title.swift */; };
		47FB54BA2966B32E00B3029C /* Extensions.swift in Sources */ = {isa = PBXBuildFile; fileRef = 47FB54B92966B32E00B3029C /* Extensions.swift */; };
		47FB54BE2966BF0700B3029C /* TitleCollectionViewCell.swift in Sources */ = {isa = PBXBuildFile; fileRef = 47FB54BD2966BF0700B3029C /* TitleCollectionViewCell.swift */; };
		47FB54C12966C12B00B3029C /* SDWebImage in Frameworks */ = {isa = PBXBuildFile; productRef = 47FB54C02966C12B00B3029C /* SDWebImage */; };
		47FB54C32966C12B00B3029C /* SDWebImageMapKit in Frameworks */ = {isa = PBXBuildFile; productRef = 47FB54C22966C12B00B3029C /* SDWebImageMapKit */; };
		47FB54FB29690B3E00B3029C /* TitleTableViewCell.swift in Sources */ = {isa = PBXBuildFile; fileRef = 47FB54FA29690B3E00B3029C /* TitleTableViewCell.swift */; };
		47FB54FD29690F4200B3029C /* TitleViewModel.swift in Sources */ = {isa = PBXBuildFile; fileRef = 47FB54FC29690F4100B3029C /* TitleViewModel.swift */; };
/* End PBXBuildFile section */

/* Begin PBXFileReference section */
		47FB548C29653EF800B3029C /* Netflix Clone.app */ = {isa = PBXFileReference; explicitFileType = wrapper.application; includeInIndex = 0; path = "Netflix Clone.app"; sourceTree = BUILT_PRODUCTS_DIR; };
		47FB548F29653EF800B3029C /* AppDelegate.swift */ = {isa = PBXFileReference; lastKnownFileType = sourcecode.swift; path = AppDelegate.swift; sourceTree = "<group>"; };
		47FB549129653EF800B3029C /* SceneDelegate.swift */ = {isa = PBXFileReference; lastKnownFileType = sourcecode.swift; path = SceneDelegate.swift; sourceTree = "<group>"; };
		47FB549329653EF800B3029C /* MainTabBarViewController.swift */ = {isa = PBXFileReference; lastKnownFileType = sourcecode.swift; path = MainTabBarViewController.swift; sourceTree = "<group>"; };
		47FB549829653EFA00B3029C /* Assets.xcassets */ = {isa = PBXFileReference; lastKnownFileType = folder.assetcatalog; path = Assets.xcassets; sourceTree = "<group>"; };
		47FB549B29653EFA00B3029C /* Base */ = {isa = PBXFileReference; lastKnownFileType = file.storyboard; name = Base; path = Base.lproj/LaunchScreen.storyboard; sourceTree = "<group>"; };
		47FB549D29653EFA00B3029C /* Info.plist */ = {isa = PBXFileReference; lastKnownFileType = text.plist.xml; path = Info.plist; sourceTree = "<group>"; };
		47FB54A42965417500B3029C /* HomeViewController.swift */ = {isa = PBXFileReference; lastKnownFileType = sourcecode.swift; path = HomeViewController.swift; sourceTree = "<group>"; };
		47FB54A6296541A000B3029C /* UpComingViewController.swift */ = {isa = PBXFileReference; lastKnownFileType = sourcecode.swift; path = UpComingViewController.swift; sourceTree = "<group>"; };
		47FB54A8296541DB00B3029C /* SearchViewController.swift */ = {isa = PBXFileReference; lastKnownFileType = sourcecode.swift; path = SearchViewController.swift; sourceTree = "<group>"; };
		47FB54AA2965420900B3029C /* DownloadsViewController.swift */ = {isa = PBXFileReference; lastKnownFileType = sourcecode.swift; path = DownloadsViewController.swift; sourceTree = "<group>"; };
		47FB54B12965486500B3029C /* CollectionViewTableViewCell.swift */ = {isa = PBXFileReference; lastKnownFileType = sourcecode.swift; path = CollectionViewTableViewCell.swift; sourceTree = "<group>"; };
		47FB54B32965816700B3029C /* HeroHeaderUIView.swift */ = {isa = PBXFileReference; lastKnownFileType = sourcecode.swift; path = HeroHeaderUIView.swift; sourceTree = "<group>"; };
		47FB54B52966959E00B3029C /* APICaller.swift */ = {isa = PBXFileReference; lastKnownFileType = sourcecode.swift; path = APICaller.swift; sourceTree = "<group>"; };
		47FB54B729669D5B00B3029C /* Title.swift */ = {isa = PBXFileReference; lastKnownFileType = sourcecode.swift; path = Title.swift; sourceTree = "<group>"; };
		47FB54B92966B32E00B3029C /* Extensions.swift */ = {isa = PBXFileReference; lastKnownFileType = sourcecode.swift; path = Extensions.swift; sourceTree = "<group>"; };
		47FB54BD2966BF0700B3029C /* TitleCollectionViewCell.swift */ = {isa = PBXFileReference; lastKnownFileType = sourcecode.swift; path = TitleCollectionViewCell.swift; sourceTree = "<group>"; };
		47FB54FA29690B3E00B3029C /* TitleTableViewCell.swift */ = {isa = PBXFileReference; lastKnownFileType = sourcecode.swift; path = TitleTableViewCell.swift; sourceTree = "<group>"; };
		47FB54FC29690F4100B3029C /* TitleViewModel.swift */ = {isa = PBXFileReference; lastKnownFileType = sourcecode.swift; path = TitleViewModel.swift; sourceTree = "<group>"; };
/* End PBXFileReference section */

/* Begin PBXFrameworksBuildPhase section */
		47FB548929653EF800B3029C /* Frameworks */ = {
			isa = PBXFrameworksBuildPhase;
			buildActionMask = 2147483647;
			files = (
				47FB54C32966C12B00B3029C /* SDWebImageMapKit in Frameworks */,
				47FB54C12966C12B00B3029C /* SDWebImage in Frameworks */,
			);
			runOnlyForDeploymentPostprocessing = 0;
		};
/* End PBXFrameworksBuildPhase section */

/* Begin PBXGroup section */
		47FB548329653EF800B3029C = {
			isa = PBXGroup;
			children = (
				47FB548E29653EF800B3029C /* Netflix Clone */,
				47FB548D29653EF800B3029C /* Products */,
			);
			sourceTree = "<group>";
		};
		47FB548D29653EF800B3029C /* Products */ = {
			isa = PBXGroup;
			children = (
				47FB548C29653EF800B3029C /* Netflix Clone.app */,
			);
			name = Products;
			sourceTree = "<group>";
		};
		47FB548E29653EF800B3029C /* Netflix Clone */ = {
			isa = PBXGroup;
			children = (
				47FB54B02965481E00B3029C /* Managers */,
				47FB54AF2965480500B3029C /* Resources */,
				47FB54AE296547D200B3029C /* Models */,
				47FB54AC296547B200B3029C /* Views */,
				47FB54AD296547BE00B3029C /* ViewModels */,
				47FB54A32965415C00B3029C /* Controllers */,
				47FB548F29653EF800B3029C /* AppDelegate.swift */,
				47FB549129653EF800B3029C /* SceneDelegate.swift */,
				47FB549329653EF800B3029C /* MainTabBarViewController.swift */,
				47FB549829653EFA00B3029C /* Assets.xcassets */,
				47FB549A29653EFA00B3029C /* LaunchScreen.storyboard */,
				47FB549D29653EFA00B3029C /* Info.plist */,
			);
			path = "Netflix Clone";
			sourceTree = "<group>";
		};
		47FB54A32965415C00B3029C /* Controllers */ = {
			isa = PBXGroup;
			children = (
				47FB54A42965417500B3029C /* HomeViewController.swift */,
				47FB54A6296541A000B3029C /* UpComingViewController.swift */,
				47FB54A8296541DB00B3029C /* SearchViewController.swift */,
				47FB54AA2965420900B3029C /* DownloadsViewController.swift */,
			);
			path = Controllers;
			sourceTree = "<group>";
		};
		47FB54AC296547B200B3029C /* Views */ = {
			isa = PBXGroup;
			children = (
				47FB54B12965486500B3029C /* CollectionViewTableViewCell.swift */,
				47FB54B32965816700B3029C /* HeroHeaderUIView.swift */,
				47FB54BD2966BF0700B3029C /* TitleCollectionViewCell.swift */,
				47FB54FA29690B3E00B3029C /* TitleTableViewCell.swift */,
			);
			path = Views;
			sourceTree = "<group>";
		};
		47FB54AD296547BE00B3029C /* ViewModels */ = {
			isa = PBXGroup;
			children = (
				47FB54FC29690F4100B3029C /* TitleViewModel.swift */,
			);
			path = ViewModels;
			sourceTree = "<group>";
		};
		47FB54AE296547D200B3029C /* Models */ = {
			isa = PBXGroup;
			children = (
				47FB54B729669D5B00B3029C /* Title.swift */,
			);
			path = Models;
			sourceTree = "<group>";
		};
		47FB54AF2965480500B3029C /* Resources */ = {
			isa = PBXGroup;
			children = (
				47FB54B92966B32E00B3029C /* Extensions.swift */,
			);
			path = Resources;
			sourceTree = "<group>";
		};
		47FB54B02965481E00B3029C /* Managers */ = {
			isa = PBXGroup;
			children = (
				47FB54B52966959E00B3029C /* APICaller.swift */,
			);
			path = Managers;
			sourceTree = "<group>";
		};
/* End PBXGroup section */

/* Begin PBXNativeTarget section */
		47FB548B29653EF800B3029C /* Netflix Clone */ = {
			isa = PBXNativeTarget;
			buildConfigurationList = 47FB54A029653EFA00B3029C /* Build configuration list for PBXNativeTarget "Netflix Clone" */;
			buildPhases = (
				47FB548829653EF800B3029C /* Sources */,
				47FB548929653EF800B3029C /* Frameworks */,
				47FB548A29653EF800B3029C /* Resources */,
			);
			buildRules = (
			);
			dependencies = (
			);
			name = "Netflix Clone";
			packageProductDependencies = (
				47FB54C02966C12B00B3029C /* SDWebImage */,
				47FB54C22966C12B00B3029C /* SDWebImageMapKit */,
			);
			productName = "Netflix Clone";
			productReference = 47FB548C29653EF800B3029C /* Netflix Clone.app */;
			productType = "com.apple.product-type.application";
		};
/* End PBXNativeTarget section */

/* Begin PBXProject section */
		47FB548429653EF800B3029C /* Project object */ = {
			isa = PBXProject;
			attributes = {
				BuildIndependentTargetsInParallel = 1;
				LastSwiftUpdateCheck = 1400;
				LastUpgradeCheck = 1400;
				TargetAttributes = {
					47FB548B29653EF800B3029C = {
						CreatedOnToolsVersion = 14.0;
					};
				};
			};
			buildConfigurationList = 47FB548729653EF800B3029C /* Build configuration list for PBXProject "Netflix Clone" */;
			compatibilityVersion = "Xcode 14.0";
			developmentRegion = en;
			hasScannedForEncodings = 0;
			knownRegions = (
				en,
				Base,
			);
			mainGroup = 47FB548329653EF800B3029C;
			packageReferences = (
				47FB54BF2966C12B00B3029C /* XCRemoteSwiftPackageReference "SDWebImage" */,
			);
			productRefGroup = 47FB548D29653EF800B3029C /* Products */;
			projectDirPath = "";
			projectRoot = "";
			targets = (
				47FB548B29653EF800B3029C /* Netflix Clone */,
			);
		};
/* End PBXProject section */

/* Begin PBXResourcesBuildPhase section */
		47FB548A29653EF800B3029C /* Resources */ = {
			isa = PBXResourcesBuildPhase;
			buildActionMask = 2147483647;
			files = (
				47FB549C29653EFA00B3029C /* LaunchScreen.storyboard in Resources */,
				47FB549929653EFA00B3029C /* Assets.xcassets in Resources */,
			);
			runOnlyForDeploymentPostprocessing = 0;
		};
/* End PBXResourcesBuildPhase section */

/* Begin PBXSourcesBuildPhase section */
		47FB548829653EF800B3029C /* Sources */ = {
			isa = PBXSourcesBuildPhase;
			buildActionMask = 2147483647;
			files = (
				47FB54FB29690B3E00B3029C /* TitleTableViewCell.swift in Sources */,
				47FB54A9296541DB00B3029C /* SearchViewController.swift in Sources */,
				47FB54BE2966BF0700B3029C /* TitleCollectionViewCell.swift in Sources */,
				47FB549429653EF800B3029C /* MainTabBarViewController.swift in Sources */,
				47FB54B22965486500B3029C /* CollectionViewTableViewCell.swift in Sources */,
				47FB54B62966959E00B3029C /* APICaller.swift in Sources */,
				47FB54B42965816700B3029C /* HeroHeaderUIView.swift in Sources */,
				47FB54AB2965420900B3029C /* DownloadsViewController.swift in Sources */,
				47FB549029653EF800B3029C /* AppDelegate.swift in Sources */,
				47FB54BA2966B32E00B3029C /* Extensions.swift in Sources */,
				47FB54A7296541A000B3029C /* UpComingViewController.swift in Sources */,
				47FB549229653EF800B3029C /* SceneDelegate.swift in Sources */,
				47FB54B829669D5B00B3029C /* Title.swift in Sources */,
				47FB54A52965417500B3029C /* HomeViewController.swift in Sources */,
				47FB54FD29690F4200B3029C /* TitleViewModel.swift in Sources */,
			);
			runOnlyForDeploymentPostprocessing = 0;
		};
/* End PBXSourcesBuildPhase section */

/* Begin PBXVariantGroup section */
		47FB549A29653EFA00B3029C /* LaunchScreen.storyboard */ = {
			isa = PBXVariantGroup;
			children = (
				47FB549B29653EFA00B3029C /* Base */,
			);
			name = LaunchScreen.storyboard;
			sourceTree = "<group>";
		};
/* End PBXVariantGroup section */

/* Begin XCBuildConfiguration section */
		47FB549E29653EFA00B3029C /* Debug */ = {
			isa = XCBuildConfiguration;
			buildSettings = {
				ALWAYS_SEARCH_USER_PATHS = NO;
				CLANG_ANALYZER_NONNULL = YES;
				CLANG_ANALYZER_NUMBER_OBJECT_CONVERSION = YES_AGGRESSIVE;
				CLANG_CXX_LANGUAGE_STANDARD = "gnu++20";
				CLANG_ENABLE_MODULES = YES;
				CLANG_ENABLE_OBJC_ARC = YES;
				CLANG_ENABLE_OBJC_WEAK = YES;
				CLANG_WARN_BLOCK_CAPTURE_AUTORELEASING = YES;
				CLANG_WARN_BOOL_CONVERSION = YES;
				CLANG_WARN_COMMA = YES;
				CLANG_WARN_CONSTANT_CONVERSION = YES;
				CLANG_WARN_DEPRECATED_OBJC_IMPLEMENTATIONS = YES;
				CLANG_WARN_DIRECT_OBJC_ISA_USAGE = YES_ERROR;
				CLANG_WARN_DOCUMENTATION_COMMENTS = YES;
				CLANG_WARN_EMPTY_BODY = YES;
				CLANG_WARN_ENUM_CONVERSION = YES;
				CLANG_WARN_INFINITE_RECURSION = YES;
				CLANG_WARN_INT_CONVERSION = YES;
				CLANG_WARN_NON_LITERAL_NULL_CONVERSION = YES;
				CLANG_WARN_OBJC_IMPLICIT_RETAIN_SELF = YES;
				CLANG_WARN_OBJC_LITERAL_CONVERSION = YES;
				CLANG_WARN_OBJC_ROOT_CLASS = YES_ERROR;
				CLANG_WARN_QUOTED_INCLUDE_IN_FRAMEWORK_HEADER = YES;
				CLANG_WARN_RANGE_LOOP_ANALYSIS = YES;
				CLANG_WARN_STRICT_PROTOTYPES = YES;
				CLANG_WARN_SUSPICIOUS_MOVE = YES;
				CLANG_WARN_UNGUARDED_AVAILABILITY = YES_AGGRESSIVE;
				CLANG_WARN_UNREACHABLE_CODE = YES;
				CLANG_WARN__DUPLICATE_METHOD_MATCH = YES;
				COPY_PHASE_STRIP = NO;
				DEBUG_INFORMATION_FORMAT = dwarf;
				ENABLE_STRICT_OBJC_MSGSEND = YES;
				ENABLE_TESTABILITY = YES;
				GCC_C_LANGUAGE_STANDARD = gnu11;
				GCC_DYNAMIC_NO_PIC = NO;
				GCC_NO_COMMON_BLOCKS = YES;
				GCC_OPTIMIZATION_LEVEL = 0;
				GCC_PREPROCESSOR_DEFINITIONS = (
					"DEBUG=1",
					"$(inherited)",
				);
				GCC_WARN_64_TO_32_BIT_CONVERSION = YES;
				GCC_WARN_ABOUT_RETURN_TYPE = YES_ERROR;
				GCC_WARN_UNDECLARED_SELECTOR = YES;
				GCC_WARN_UNINITIALIZED_AUTOS = YES_AGGRESSIVE;
				GCC_WARN_UNUSED_FUNCTION = YES;
				GCC_WARN_UNUSED_VARIABLE = YES;
				IPHONEOS_DEPLOYMENT_TARGET = 16.0;
				MTL_ENABLE_DEBUG_INFO = INCLUDE_SOURCE;
				MTL_FAST_MATH = YES;
				ONLY_ACTIVE_ARCH = YES;
				SDKROOT = iphoneos;
				SWIFT_ACTIVE_COMPILATION_CONDITIONS = DEBUG;
				SWIFT_OPTIMIZATION_LEVEL = "-Onone";
			};
			name = Debug;
		};
		47FB549F29653EFA00B3029C /* Release */ = {
			isa = XCBuildConfiguration;
			buildSettings = {
				ALWAYS_SEARCH_USER_PATHS = NO;
				CLANG_ANALYZER_NONNULL = YES;
				CLANG_ANALYZER_NUMBER_OBJECT_CONVERSION = YES_AGGRESSIVE;
				CLANG_CXX_LANGUAGE_STANDARD = "gnu++20";
				CLANG_ENABLE_MODULES = YES;
				CLANG_ENABLE_OBJC_ARC = YES;
				CLANG_ENABLE_OBJC_WEAK = YES;
				CLANG_WARN_BLOCK_CAPTURE_AUTORELEASING = YES;
				CLANG_WARN_BOOL_CONVERSION = YES;
				CLANG_WARN_COMMA = YES;
				CLANG_WARN_CONSTANT_CONVERSION = YES;
				CLANG_WARN_DEPRECATED_OBJC_IMPLEMENTATIONS = YES;
				CLANG_WARN_DIRECT_OBJC_ISA_USAGE = YES_ERROR;
				CLANG_WARN_DOCUMENTATION_COMMENTS = YES;
				CLANG_WARN_EMPTY_BODY = YES;
				CLANG_WARN_ENUM_CONVERSION = YES;
				CLANG_WARN_INFINITE_RECURSION = YES;
				CLANG_WARN_INT_CONVERSION = YES;
				CLANG_WARN_NON_LITERAL_NULL_CONVERSION = YES;
				CLANG_WARN_OBJC_IMPLICIT_RETAIN_SELF = YES;
				CLANG_WARN_OBJC_LITERAL_CONVERSION = YES;
				CLANG_WARN_OBJC_ROOT_CLASS = YES_ERROR;
				CLANG_WARN_QUOTED_INCLUDE_IN_FRAMEWORK_HEADER = YES;
				CLANG_WARN_RANGE_LOOP_ANALYSIS = YES;
				CLANG_WARN_STRICT_PROTOTYPES = YES;
				CLANG_WARN_SUSPICIOUS_MOVE = YES;
				CLANG_WARN_UNGUARDED_AVAILABILITY = YES_AGGRESSIVE;
				CLANG_WARN_UNREACHABLE_CODE = YES;
				CLANG_WARN__DUPLICATE_METHOD_MATCH = YES;
				COPY_PHASE_STRIP = NO;
				DEBUG_INFORMATION_FORMAT = "dwarf-with-dsym";
				ENABLE_NS_ASSERTIONS = NO;
				ENABLE_STRICT_OBJC_MSGSEND = YES;
				GCC_C_LANGUAGE_STANDARD = gnu11;
				GCC_NO_COMMON_BLOCKS = YES;
				GCC_WARN_64_TO_32_BIT_CONVERSION = YES;
				GCC_WARN_ABOUT_RETURN_TYPE = YES_ERROR;
				GCC_WARN_UNDECLARED_SELECTOR = YES;
				GCC_WARN_UNINITIALIZED_AUTOS = YES_AGGRESSIVE;
				GCC_WARN_UNUSED_FUNCTION = YES;
				GCC_WARN_UNUSED_VARIABLE = YES;
				IPHONEOS_DEPLOYMENT_TARGET = 16.0;
				MTL_ENABLE_DEBUG_INFO = NO;
				MTL_FAST_MATH = YES;
				SDKROOT = iphoneos;
				SWIFT_COMPILATION_MODE = wholemodule;
				SWIFT_OPTIMIZATION_LEVEL = "-O";
				VALIDATE_PRODUCT = YES;
			};
			name = Release;
		};
		47FB54A129653EFA00B3029C /* Debug */ = {
			isa = XCBuildConfiguration;
			buildSettings = {
				ASSETCATALOG_COMPILER_APPICON_NAME = AppIcon;
				ASSETCATALOG_COMPILER_GLOBAL_ACCENT_COLOR_NAME = AccentColor;
				CODE_SIGN_STYLE = Automatic;
				CURRENT_PROJECT_VERSION = 1;
				DEVELOPMENT_TEAM = F6SZ5LV55B;
				GENERATE_INFOPLIST_FILE = YES;
				INFOPLIST_FILE = "Netflix Clone/Info.plist";
				INFOPLIST_KEY_UIApplicationSupportsIndirectInputEvents = YES;
				INFOPLIST_KEY_UILaunchStoryboardName = LaunchScreen;
				INFOPLIST_KEY_UISupportedInterfaceOrientations_iPad = "UIInterfaceOrientationPortrait UIInterfaceOrientationPortraitUpsideDown UIInterfaceOrientationLandscapeLeft UIInterfaceOrientationLandscapeRight";
				INFOPLIST_KEY_UISupportedInterfaceOrientations_iPhone = "UIInterfaceOrientationPortrait UIInterfaceOrientationLandscapeLeft UIInterfaceOrientationLandscapeRight";
				LD_RUNPATH_SEARCH_PATHS = (
					"$(inherited)",
					"@executable_path/Frameworks",
				);
				MARKETING_VERSION = 1.0;
				PRODUCT_BUNDLE_IDENTIFIER = "com.Devjoonn.Netflix-Clone";
				PRODUCT_NAME = "$(TARGET_NAME)";
				SWIFT_EMIT_LOC_STRINGS = YES;
				SWIFT_VERSION = 5.0;
				TARGETED_DEVICE_FAMILY = "1,2";
			};
			name = Debug;
		};
		47FB54A229653EFA00B3029C /* Release */ = {
			isa = XCBuildConfiguration;
			buildSettings = {
				ASSETCATALOG_COMPILER_APPICON_NAME = AppIcon;
				ASSETCATALOG_COMPILER_GLOBAL_ACCENT_COLOR_NAME = AccentColor;
				CODE_SIGN_STYLE = Automatic;
				CURRENT_PROJECT_VERSION = 1;
				DEVELOPMENT_TEAM = F6SZ5LV55B;
				GENERATE_INFOPLIST_FILE = YES;
				INFOPLIST_FILE = "Netflix Clone/Info.plist";
				INFOPLIST_KEY_UIApplicationSupportsIndirectInputEvents = YES;
				INFOPLIST_KEY_UILaunchStoryboardName = LaunchScreen;
				INFOPLIST_KEY_UISupportedInterfaceOrientations_iPad = "UIInterfaceOrientationPortrait UIInterfaceOrientationPortraitUpsideDown UIInterfaceOrientationLandscapeLeft UIInterfaceOrientationLandscapeRight";
				INFOPLIST_KEY_UISupportedInterfaceOrientations_iPhone = "UIInterfaceOrientationPortrait UIInterfaceOrientationLandscapeLeft UIInterfaceOrientationLandscapeRight";
				LD_RUNPATH_SEARCH_PATHS = (
					"$(inherited)",
					"@executable_path/Frameworks",
				);
				MARKETING_VERSION = 1.0;
				PRODUCT_BUNDLE_IDENTIFIER = "com.Devjoonn.Netflix-Clone";
				PRODUCT_NAME = "$(TARGET_NAME)";
				SWIFT_EMIT_LOC_STRINGS = YES;
				SWIFT_VERSION = 5.0;
				TARGETED_DEVICE_FAMILY = "1,2";
			};
			name = Release;
		};
/* End XCBuildConfiguration section */

/* Begin XCConfigurationList section */
		47FB548729653EF800B3029C /* Build configuration list for PBXProject "Netflix Clone" */ = {
			isa = XCConfigurationList;
			buildConfigurations = (
				47FB549E29653EFA00B3029C /* Debug */,
				47FB549F29653EFA00B3029C /* Release */,
			);
			defaultConfigurationIsVisible = 0;
			defaultConfigurationName = Release;
		};
		47FB54A029653EFA00B3029C /* Build configuration list for PBXNativeTarget "Netflix Clone" */ = {
			isa = XCConfigurationList;
			buildConfigurations = (
				47FB54A129653EFA00B3029C /* Debug */,
				47FB54A229653EFA00B3029C /* Release */,
			);
			defaultConfigurationIsVisible = 0;
			defaultConfigurationName = Release;
		};
/* End XCConfigurationList section */

/* Begin XCRemoteSwiftPackageReference section */
		47FB54BF2966C12B00B3029C /* XCRemoteSwiftPackageReference "SDWebImage" */ = {
			isa = XCRemoteSwiftPackageReference;
			repositoryURL = "https://github.com/SDWebImage/SDWebImage.git";
			requirement = {
				kind = upToNextMajorVersion;
				minimumVersion = 5.0.0;
			};
		};
/* End XCRemoteSwiftPackageReference section */

/* Begin XCSwiftPackageProductDependency section */
		47FB54C02966C12B00B3029C /* SDWebImage */ = {
			isa = XCSwiftPackageProductDependency;
			package = 47FB54BF2966C12B00B3029C /* XCRemoteSwiftPackageReference "SDWebImage" */;
			productName = SDWebImage;
		};
		47FB54C22966C12B00B3029C /* SDWebImageMapKit */ = {
			isa = XCSwiftPackageProductDependency;
			package = 47FB54BF2966C12B00B3029C /* XCRemoteSwiftPackageReference "SDWebImage" */;
			productName = SDWebImageMapKit;
		};
/* End XCSwiftPackageProductDependency section */
	};
	rootObject = 47FB548429653EF800B3029C /* Project object */;
}
